
Microsoft Visual Studio Solution File, Format Version 12.00
# Visual Studio Version 17
VisualStudioVersion = 17.1.32328.378
MinimumVisualStudioVersion = 10.0.40219.1
Project("{FAE04EC0-301F-11D3-BF4B-00C04F79EFBC}") = "BeaconAPI", "BeaconAPI\BeaconAPI.csproj", "{1CD43459-9B8B-427F-BD65-1B502D9B05F9}"
EndProject
Global
	GlobalSection(SolutionConfigurationPlatforms) = preSolution
		Debug|Any CPU = Debug|Any CPU
		Release|Any CPU = Release|Any CPU
	EndGlobalSection
	GlobalSection(ProjectConfigurationPlatforms) = postSolution
		{1CD43459-9B8B-427F-BD65-1B502D9B05F9}.Debug|Any CPU.ActiveCfg = Debug|Any CPU
		{1CD43459-9B8B-427F-BD65-1B502D9B05F9}.Debug|Any CPU.Build.0 = Debug|Any CPU
		{1CD43459-9B8B-427F-BD65-1B502D9B05F9}.Release|Any CPU.ActiveCfg = Release|Any CPU
		{1CD43459-9B8B-427F-BD65-1B502D9B05F9}.Release|Any CPU.Build.0 = Release|Any CPU
	EndGlobalSection
	GlobalSection(SolutionProperties) = preSolution
		HideSolutionNode = FALSE
	EndGlobalSection
	GlobalSection(ExtensibilityGlobals) = postSolution
		SolutionGuid = {C0373AD9-6BA4-4100-9DA7-4E768D03D720}
	EndGlobalSection
EndGlobal
